{
  "name": "blog",
  "version": "1.0.0",
  "lockfileVersion": 1,
  "requires": true,
  "dependencies": {
    "pnpm": {
      "version": "7.13.6",
      "resolved": "https://mirrors.cloud.tencent.com/npm/pnpm/-/pnpm-7.13.6.tgz",
      "integrity": "sha512-KIGf//0cojjX3cUL63gvAk8d5t9tg+5h6AxLGyxQwoCPtpsjXafm/auIJyDUUh9RVmcPusJxdiONkgxPnbW1YA=="
    }
  }
}
